
Microsoft Visual Studio Solution File, Format Version 12.00
# Visual Studio Version 16
VisualStudioVersion = 16.0.30907.101
MinimumVisualStudioVersion = 10.0.40219.1
Project("{9A19103F-16F7-4668-BE54-9A1E7A4F7556}") = "Research.Dotnet5AndOdata", "src\Axceligent.Research.Dotnet5AndOdata\Research.Dotnet5AndOdata.csproj", "{44FFCE41-3496-4D49-81E7-A3F0BE761F16}"
EndProject
Project("{FAE04EC0-301F-11D3-BF4B-00C04F79EFBC}") = "Research.ConsoleApp", "Research.ConsoleApp\Research.ConsoleApp.csproj", "{3AA9D4C7-F182-4EFD-8B57-E60FDC5ECB87}"
EndProject
Global
	GlobalSection(SolutionConfigurationPlatforms) = preSolution
		Debug|Any CPU = Debug|Any CPU
		Release|Any CPU = Release|Any CPU
	EndGlobalSection
	GlobalSection(ProjectConfigurationPlatforms) = postSolution
		{44FFCE41-3496-4D49-81E7-A3F0BE761F16}.Debug|Any CPU.ActiveCfg = Debug|Any CPU
		{44FFCE41-3496-4D49-81E7-A3F0BE761F16}.Debug|Any CPU.Build.0 = Debug|Any CPU
		{44FFCE41-3496-4D49-81E7-A3F0BE761F16}.Release|Any CPU.ActiveCfg = Release|Any CPU
		{44FFCE41-3496-4D49-81E7-A3F0BE761F16}.Release|Any CPU.Build.0 = Release|Any CPU
		{3AA9D4C7-F182-4EFD-8B57-E60FDC5ECB87}.Debug|Any CPU.ActiveCfg = Debug|Any CPU
		{3AA9D4C7-F182-4EFD-8B57-E60FDC5ECB87}.Debug|Any CPU.Build.0 = Debug|Any CPU
		{3AA9D4C7-F182-4EFD-8B57-E60FDC5ECB87}.Release|Any CPU.ActiveCfg = Release|Any CPU
		{3AA9D4C7-F182-4EFD-8B57-E60FDC5ECB87}.Release|Any CPU.Build.0 = Release|Any CPU
	EndGlobalSection
	GlobalSection(SolutionProperties) = preSolution
		HideSolutionNode = FALSE
	EndGlobalSection
	GlobalSection(ExtensibilityGlobals) = postSolution
		SolutionGuid = {29ED27F0-2033-4302-8082-B222C2E7E7B0}
	EndGlobalSection
	GlobalSection(PhysicalSolutionFolders) = postSolution
		NumEntries = 1
		0SolutionFolder = Ppms/scripts
		0PhysicalFolder = Ppms\scripts
		0Filter = ^(?!.gitkeep).*$
		0DirFilter = ^(?!deploy).*$
		0Relative = True
		0Recursive = True
		0Force = False
		0DropEmpty = True
	EndGlobalSection
EndGlobal
